
Microsoft Visual Studio Solution File, Format Version 12.00
# Visual Studio 15
VisualStudioVersion = 15.0.26430.16
MinimumVisualStudioVersion = 10.0.40219.1
Project("{2150E333-8FDC-42A3-9474-1A3956D46DE8}") = "01CreationalPatterns", "01CreationalPatterns", "{6FA01A82-EE26-43EA-83EE-8919FF67C2E5}"
EndProject
Project("{2150E333-8FDC-42A3-9474-1A3956D46DE8}") = "03BehavioralPatterns", "03BehavioralPatterns", "{21AB1D66-01F9-4939-B817-27A1229387A4}"
EndProject
Project("{2150E333-8FDC-42A3-9474-1A3956D46DE8}") = "02StructuralPatterns", "02StructuralPatterns", "{E129E675-6C77-4264-8F93-A0236698A621}"
EndProject
Project("{FAE04EC0-301F-11D3-BF4B-00C04F79EFBC}") = "DesignPatterns.Adapter", "DesignPatterns.Adapter\DesignPatterns.Adapter.csproj", "{3BC9B7F2-CD82-48A8-88F4-4530E3ACD6B7}"
EndProject
Project("{FAE04EC0-301F-11D3-BF4B-00C04F79EFBC}") = "DesignPatterns.AdapterExample", "DesignPatterns.AdapterExample\DesignPatterns.AdapterExample.csproj", "{C8B9CB5E-1B7A-4C08-B0B0-30FC2553CA55}"
EndProject
Project("{FAE04EC0-301F-11D3-BF4B-00C04F79EFBC}") = "DesignPatterns.Bridge", "DesignPatterns.Bridge\DesignPatterns.Bridge.csproj", "{B6BDEB5E-6B7B-48B0-A603-52C1D5B1D029}"
EndProject
Project("{FAE04EC0-301F-11D3-BF4B-00C04F79EFBC}") = "DesignPatterns.BridgeExample", "DesignPatterns.BridgeExample\DesignPatterns.BridgeExample.csproj", "{8FF1D777-E104-4168-AB62-9F80D251936E}"
EndProject
Project("{FAE04EC0-301F-11D3-BF4B-00C04F79EFBC}") = "DesignPatterns.Composite", "DesignPatterns.Composite\DesignPatterns.Composite.csproj", "{C89170E9-F799-4E90-82BC-0B5E30A38C00}"
EndProject
Project("{FAE04EC0-301F-11D3-BF4B-00C04F79EFBC}") = "DesignPatterns.CompositeExample", "DesignPatterns.CompositeExample\DesignPatterns.CompositeExample.csproj", "{8B5DD6A0-3AC7-4F49-BED3-07CDE09C9522}"
EndProject
Project("{FAE04EC0-301F-11D3-BF4B-00C04F79EFBC}") = "DesignPatterns.Decorator", "DesignPatterns.Decorator\DesignPatterns.Decorator.csproj", "{71A74864-3C51-4C1B-9544-A4A74B0FCA8D}"
EndProject
Project("{FAE04EC0-301F-11D3-BF4B-00C04F79EFBC}") = "DesignPatterns.DecoratorExample", "DesignPatterns.DecoratorExample\DesignPatterns.DecoratorExample.csproj", "{C7F2147D-4EA9-4299-A600-C9E7244A9F43}"
EndProject
Project("{FAE04EC0-301F-11D3-BF4B-00C04F79EFBC}") = "DesignPatterns.Facade", "DesignPatterns.Facade\DesignPatterns.Facade.csproj", "{1E9D0F5A-37C8-4AE7-A63F-BAC150DD35D1}"
EndProject
Project("{FAE04EC0-301F-11D3-BF4B-00C04F79EFBC}") = "DesignPatterns.Proxy", "DesignPatterns.Proxy\DesignPatterns.Proxy.csproj", "{FD92CDE6-EF6E-4513-8EA1-068C3A88A9B3}"
EndProject
Project("{FAE04EC0-301F-11D3-BF4B-00C04F79EFBC}") = "DesignPatterns.ProxyExample", "DesignPatterns.ProxyExample\DesignPatterns.ProxyExample.csproj", "{8B2E0BD9-C4DA-4AB4-A408-371952AD7D00}"
EndProject
Project("{FAE04EC0-301F-11D3-BF4B-00C04F79EFBC}") = "DesignPatterns.Flyweight", "DesignPatterns.Flyweight\DesignPatterns.Flyweight.csproj", "{3DDB9ECC-7DAC-4DD1-B3DD-18C122DB951C}"
EndProject
Project("{FAE04EC0-301F-11D3-BF4B-00C04F79EFBC}") = "DesignPatterns.FactoryMethod", "DesignPatterns.FactoryMethod\DesignPatterns.FactoryMethod.csproj", "{B56AF799-2383-4FA6-AF62-0909B0B4257D}"
EndProject
Project("{FAE04EC0-301F-11D3-BF4B-00C04F79EFBC}") = "DesignPatterns.AbstractFactory", "DesignPatterns.AbstractFactory\DesignPatterns.AbstractFactory.csproj", "{1AD8952C-31EE-4006-8439-0B9BEECD9053}"
EndProject
Project("{FAE04EC0-301F-11D3-BF4B-00C04F79EFBC}") = "DesignPatterns.Singleton", "DesignPatterns.Singleton\DesignPatterns.Singleton.csproj", "{0FB0A99F-9353-4232-A5F3-8B7363D3BBA9}"
EndProject
Global
	GlobalSection(SolutionConfigurationPlatforms) = preSolution
		Debug|Any CPU = Debug|Any CPU
		Release|Any CPU = Release|Any CPU
	EndGlobalSection
	GlobalSection(ProjectConfigurationPlatforms) = postSolution
		{3BC9B7F2-CD82-48A8-88F4-4530E3ACD6B7}.Debug|Any CPU.ActiveCfg = Debug|Any CPU
		{3BC9B7F2-CD82-48A8-88F4-4530E3ACD6B7}.Debug|Any CPU.Build.0 = Debug|Any CPU
		{3BC9B7F2-CD82-48A8-88F4-4530E3ACD6B7}.Release|Any CPU.ActiveCfg = Release|Any CPU
		{3BC9B7F2-CD82-48A8-88F4-4530E3ACD6B7}.Release|Any CPU.Build.0 = Release|Any CPU
		{C8B9CB5E-1B7A-4C08-B0B0-30FC2553CA55}.Debug|Any CPU.ActiveCfg = Debug|Any CPU
		{C8B9CB5E-1B7A-4C08-B0B0-30FC2553CA55}.Debug|Any CPU.Build.0 = Debug|Any CPU
		{C8B9CB5E-1B7A-4C08-B0B0-30FC2553CA55}.Release|Any CPU.ActiveCfg = Release|Any CPU
		{C8B9CB5E-1B7A-4C08-B0B0-30FC2553CA55}.Release|Any CPU.Build.0 = Release|Any CPU
		{B6BDEB5E-6B7B-48B0-A603-52C1D5B1D029}.Debug|Any CPU.ActiveCfg = Debug|Any CPU
		{B6BDEB5E-6B7B-48B0-A603-52C1D5B1D029}.Debug|Any CPU.Build.0 = Debug|Any CPU
		{B6BDEB5E-6B7B-48B0-A603-52C1D5B1D029}.Release|Any CPU.ActiveCfg = Release|Any CPU
		{B6BDEB5E-6B7B-48B0-A603-52C1D5B1D029}.Release|Any CPU.Build.0 = Release|Any CPU
		{8FF1D777-E104-4168-AB62-9F80D251936E}.Debug|Any CPU.ActiveCfg = Debug|Any CPU
		{8FF1D777-E104-4168-AB62-9F80D251936E}.Debug|Any CPU.Build.0 = Debug|Any CPU
		{8FF1D777-E104-4168-AB62-9F80D251936E}.Release|Any CPU.ActiveCfg = Release|Any CPU
		{8FF1D777-E104-4168-AB62-9F80D251936E}.Release|Any CPU.Build.0 = Release|Any CPU
		{C89170E9-F799-4E90-82BC-0B5E30A38C00}.Debug|Any CPU.ActiveCfg = Debug|Any CPU
		{C89170E9-F799-4E90-82BC-0B5E30A38C00}.Debug|Any CPU.Build.0 = Debug|Any CPU
		{C89170E9-F799-4E90-82BC-0B5E30A38C00}.Release|Any CPU.ActiveCfg = Release|Any CPU
		{C89170E9-F799-4E90-82BC-0B5E30A38C00}.Release|Any CPU.Build.0 = Release|Any CPU
		{8B5DD6A0-3AC7-4F49-BED3-07CDE09C9522}.Debug|Any CPU.ActiveCfg = Debug|Any CPU
		{8B5DD6A0-3AC7-4F49-BED3-07CDE09C9522}.Debug|Any CPU.Build.0 = Debug|Any CPU
		{8B5DD6A0-3AC7-4F49-BED3-07CDE09C9522}.Release|Any CPU.ActiveCfg = Release|Any CPU
		{8B5DD6A0-3AC7-4F49-BED3-07CDE09C9522}.Release|Any CPU.Build.0 = Release|Any CPU
		{71A74864-3C51-4C1B-9544-A4A74B0FCA8D}.Debug|Any CPU.ActiveCfg = Debug|Any CPU
		{71A74864-3C51-4C1B-9544-A4A74B0FCA8D}.Debug|Any CPU.Build.0 = Debug|Any CPU
		{71A74864-3C51-4C1B-9544-A4A74B0FCA8D}.Release|Any CPU.ActiveCfg = Release|Any CPU
		{71A74864-3C51-4C1B-9544-A4A74B0FCA8D}.Release|Any CPU.Build.0 = Release|Any CPU
		{C7F2147D-4EA9-4299-A600-C9E7244A9F43}.Debug|Any CPU.ActiveCfg = Debug|Any CPU
		{C7F2147D-4EA9-4299-A600-C9E7244A9F43}.Debug|Any CPU.Build.0 = Debug|Any CPU
		{C7F2147D-4EA9-4299-A600-C9E7244A9F43}.Release|Any CPU.ActiveCfg = Release|Any CPU
		{C7F2147D-4EA9-4299-A600-C9E7244A9F43}.Release|Any CPU.Build.0 = Release|Any CPU
		{1E9D0F5A-37C8-4AE7-A63F-BAC150DD35D1}.Debug|Any CPU.ActiveCfg = Debug|Any CPU
		{1E9D0F5A-37C8-4AE7-A63F-BAC150DD35D1}.Debug|Any CPU.Build.0 = Debug|Any CPU
		{1E9D0F5A-37C8-4AE7-A63F-BAC150DD35D1}.Release|Any CPU.ActiveCfg = Release|Any CPU
		{1E9D0F5A-37C8-4AE7-A63F-BAC150DD35D1}.Release|Any CPU.Build.0 = Release|Any CPU
		{FD92CDE6-EF6E-4513-8EA1-068C3A88A9B3}.Debug|Any CPU.ActiveCfg = Debug|Any CPU
		{FD92CDE6-EF6E-4513-8EA1-068C3A88A9B3}.Debug|Any CPU.Build.0 = Debug|Any CPU
		{FD92CDE6-EF6E-4513-8EA1-068C3A88A9B3}.Release|Any CPU.ActiveCfg = Release|Any CPU
		{FD92CDE6-EF6E-4513-8EA1-068C3A88A9B3}.Release|Any CPU.Build.0 = Release|Any CPU
		{8B2E0BD9-C4DA-4AB4-A408-371952AD7D00}.Debug|Any CPU.ActiveCfg = Debug|Any CPU
		{8B2E0BD9-C4DA-4AB4-A408-371952AD7D00}.Debug|Any CPU.Build.0 = Debug|Any CPU
		{8B2E0BD9-C4DA-4AB4-A408-371952AD7D00}.Release|Any CPU.ActiveCfg = Release|Any CPU
		{8B2E0BD9-C4DA-4AB4-A408-371952AD7D00}.Release|Any CPU.Build.0 = Release|Any CPU
		{3DDB9ECC-7DAC-4DD1-B3DD-18C122DB951C}.Debug|Any CPU.ActiveCfg = Debug|Any CPU
		{3DDB9ECC-7DAC-4DD1-B3DD-18C122DB951C}.Debug|Any CPU.Build.0 = Debug|Any CPU
		{3DDB9ECC-7DAC-4DD1-B3DD-18C122DB951C}.Release|Any CPU.ActiveCfg = Release|Any CPU
		{3DDB9ECC-7DAC-4DD1-B3DD-18C122DB951C}.Release|Any CPU.Build.0 = Release|Any CPU
		{B56AF799-2383-4FA6-AF62-0909B0B4257D}.Debug|Any CPU.ActiveCfg = Debug|Any CPU
		{B56AF799-2383-4FA6-AF62-0909B0B4257D}.Debug|Any CPU.Build.0 = Debug|Any CPU
		{B56AF799-2383-4FA6-AF62-0909B0B4257D}.Release|Any CPU.ActiveCfg = Release|Any CPU
		{B56AF799-2383-4FA6-AF62-0909B0B4257D}.Release|Any CPU.Build.0 = Release|Any CPU
		{1AD8952C-31EE-4006-8439-0B9BEECD9053}.Debug|Any CPU.ActiveCfg = Debug|Any CPU
		{1AD8952C-31EE-4006-8439-0B9BEECD9053}.Debug|Any CPU.Build.0 = Debug|Any CPU
		{1AD8952C-31EE-4006-8439-0B9BEECD9053}.Release|Any CPU.ActiveCfg = Release|Any CPU
		{1AD8952C-31EE-4006-8439-0B9BEECD9053}.Release|Any CPU.Build.0 = Release|Any CPU
		{0FB0A99F-9353-4232-A5F3-8B7363D3BBA9}.Debug|Any CPU.ActiveCfg = Debug|Any CPU
		{0FB0A99F-9353-4232-A5F3-8B7363D3BBA9}.Debug|Any CPU.Build.0 = Debug|Any CPU
		{0FB0A99F-9353-4232-A5F3-8B7363D3BBA9}.Release|Any CPU.ActiveCfg = Release|Any CPU
		{0FB0A99F-9353-4232-A5F3-8B7363D3BBA9}.Release|Any CPU.Build.0 = Release|Any CPU
	EndGlobalSection
	GlobalSection(SolutionProperties) = preSolution
		HideSolutionNode = FALSE
	EndGlobalSection
	GlobalSection(NestedProjects) = preSolution
		{3BC9B7F2-CD82-48A8-88F4-4530E3ACD6B7} = {E129E675-6C77-4264-8F93-A0236698A621}
		{C8B9CB5E-1B7A-4C08-B0B0-30FC2553CA55} = {E129E675-6C77-4264-8F93-A0236698A621}
		{B6BDEB5E-6B7B-48B0-A603-52C1D5B1D029} = {E129E675-6C77-4264-8F93-A0236698A621}
		{8FF1D777-E104-4168-AB62-9F80D251936E} = {E129E675-6C77-4264-8F93-A0236698A621}
		{C89170E9-F799-4E90-82BC-0B5E30A38C00} = {E129E675-6C77-4264-8F93-A0236698A621}
		{8B5DD6A0-3AC7-4F49-BED3-07CDE09C9522} = {E129E675-6C77-4264-8F93-A0236698A621}
		{71A74864-3C51-4C1B-9544-A4A74B0FCA8D} = {E129E675-6C77-4264-8F93-A0236698A621}
		{C7F2147D-4EA9-4299-A600-C9E7244A9F43} = {E129E675-6C77-4264-8F93-A0236698A621}
		{1E9D0F5A-37C8-4AE7-A63F-BAC150DD35D1} = {E129E675-6C77-4264-8F93-A0236698A621}
		{FD92CDE6-EF6E-4513-8EA1-068C3A88A9B3} = {E129E675-6C77-4264-8F93-A0236698A621}
		{8B2E0BD9-C4DA-4AB4-A408-371952AD7D00} = {E129E675-6C77-4264-8F93-A0236698A621}
		{3DDB9ECC-7DAC-4DD1-B3DD-18C122DB951C} = {E129E675-6C77-4264-8F93-A0236698A621}
		{B56AF799-2383-4FA6-AF62-0909B0B4257D} = {6FA01A82-EE26-43EA-83EE-8919FF67C2E5}
		{1AD8952C-31EE-4006-8439-0B9BEECD9053} = {6FA01A82-EE26-43EA-83EE-8919FF67C2E5}
		{0FB0A99F-9353-4232-A5F3-8B7363D3BBA9} = {6FA01A82-EE26-43EA-83EE-8919FF67C2E5}
	EndGlobalSection
EndGlobal
